
Microsoft Visual Studio Solution File, Format Version 12.00
# Visual Studio 14
VisualStudioVersion = 14.0.25420.1
MinimumVisualStudioVersion = 10.0.40219.1
Project("{2150E333-8FDC-42A3-9474-1A3956D46DE8}") = "BSUIR_Scheduler", "BSUIR_Scheduler", "{E5BC8E14-07D8-49A2-80D1-707A5CE5613F}"
EndProject
Project("{D954291E-2A0B-460D-934E-DC6B0785DB48}") = "BSUIR_Scheduler.Shared", "BSUIR_Scheduler\BSUIR_Scheduler.Shared\BSUIR_Scheduler.Shared.shproj", "{A6FC07FD-9FBA-426F-B395-21DC3310CC1A}"
EndProject
Project("{FAE04EC0-301F-11D3-BF4B-00C04F79EFBC}") = "BSUIR_Scheduler.WindowsPhone", "BSUIR_Scheduler\BSUIR_Scheduler.WindowsPhone\BSUIR_Scheduler.WindowsPhone.csproj", "{8417D08F-81CC-4AAC-8BE2-BF47B46FCC3B}"
EndProject
Global
	GlobalSection(SharedMSBuildProjectFiles) = preSolution
		BSUIR_Scheduler\BSUIR_Scheduler.Shared\BSUIR_Scheduler.Shared.projitems*{8417d08f-81cc-4aac-8be2-bf47b46fcc3b}*SharedItemsImports = 4
		BSUIR_Scheduler\BSUIR_Scheduler.Shared\BSUIR_Scheduler.Shared.projitems*{a6fc07fd-9fba-426f-b395-21dc3310cc1a}*SharedItemsImports = 13
	EndGlobalSection
	GlobalSection(SolutionConfigurationPlatforms) = preSolution
		Debug|Any CPU = Debug|Any CPU
		Debug|ARM = Debug|ARM
		Debug|x64 = Debug|x64
		Debug|x86 = Debug|x86
		Release|Any CPU = Release|Any CPU
		Release|ARM = Release|ARM
		Release|x64 = Release|x64
		Release|x86 = Release|x86
	EndGlobalSection
	GlobalSection(ProjectConfigurationPlatforms) = postSolution
		{8417D08F-81CC-4AAC-8BE2-BF47B46FCC3B}.Debug|Any CPU.ActiveCfg = Debug|Any CPU
		{8417D08F-81CC-4AAC-8BE2-BF47B46FCC3B}.Debug|Any CPU.Build.0 = Debug|Any CPU
		{8417D08F-81CC-4AAC-8BE2-BF47B46FCC3B}.Debug|Any CPU.Deploy.0 = Debug|Any CPU
		{8417D08F-81CC-4AAC-8BE2-BF47B46FCC3B}.Debug|ARM.ActiveCfg = Debug|ARM
		{8417D08F-81CC-4AAC-8BE2-BF47B46FCC3B}.Debug|ARM.Build.0 = Debug|ARM
		{8417D08F-81CC-4AAC-8BE2-BF47B46FCC3B}.Debug|ARM.Deploy.0 = Debug|ARM
		{8417D08F-81CC-4AAC-8BE2-BF47B46FCC3B}.Debug|x64.ActiveCfg = Debug|Any CPU
		{8417D08F-81CC-4AAC-8BE2-BF47B46FCC3B}.Debug|x64.Build.0 = Debug|Any CPU
		{8417D08F-81CC-4AAC-8BE2-BF47B46FCC3B}.Debug|x64.Deploy.0 = Debug|Any CPU
		{8417D08F-81CC-4AAC-8BE2-BF47B46FCC3B}.Debug|x86.ActiveCfg = Debug|x86
		{8417D08F-81CC-4AAC-8BE2-BF47B46FCC3B}.Debug|x86.Build.0 = Debug|x86
		{8417D08F-81CC-4AAC-8BE2-BF47B46FCC3B}.Debug|x86.Deploy.0 = Debug|x86
		{8417D08F-81CC-4AAC-8BE2-BF47B46FCC3B}.Release|Any CPU.ActiveCfg = Release|Any CPU
		{8417D08F-81CC-4AAC-8BE2-BF47B46FCC3B}.Release|Any CPU.Build.0 = Release|Any CPU
		{8417D08F-81CC-4AAC-8BE2-BF47B46FCC3B}.Release|Any CPU.Deploy.0 = Release|Any CPU
		{8417D08F-81CC-4AAC-8BE2-BF47B46FCC3B}.Release|ARM.ActiveCfg = Release|ARM
		{8417D08F-81CC-4AAC-8BE2-BF47B46FCC3B}.Release|ARM.Build.0 = Release|ARM
		{8417D08F-81CC-4AAC-8BE2-BF47B46FCC3B}.Release|ARM.Deploy.0 = Release|ARM
		{8417D08F-81CC-4AAC-8BE2-BF47B46FCC3B}.Release|x64.ActiveCfg = Release|Any CPU
		{8417D08F-81CC-4AAC-8BE2-BF47B46FCC3B}.Release|x64.Build.0 = Release|Any CPU
		{8417D08F-81CC-4AAC-8BE2-BF47B46FCC3B}.Release|x64.Deploy.0 = Release|Any CPU
		{8417D08F-81CC-4AAC-8BE2-BF47B46FCC3B}.Release|x86.ActiveCfg = Release|x86
		{8417D08F-81CC-4AAC-8BE2-BF47B46FCC3B}.Release|x86.Build.0 = Release|x86
		{8417D08F-81CC-4AAC-8BE2-BF47B46FCC3B}.Release|x86.Deploy.0 = Release|x86
	EndGlobalSection
	GlobalSection(SolutionProperties) = preSolution
		HideSolutionNode = FALSE
	EndGlobalSection
	GlobalSection(NestedProjects) = preSolution
		{A6FC07FD-9FBA-426F-B395-21DC3310CC1A} = {E5BC8E14-07D8-49A2-80D1-707A5CE5613F}
		{8417D08F-81CC-4AAC-8BE2-BF47B46FCC3B} = {E5BC8E14-07D8-49A2-80D1-707A5CE5613F}
	EndGlobalSection
EndGlobal
